// !$*UTF8*$!
{
	archiveVersion = 1;
	classes = {
	};
	objectVersion = 77;
	objects = {

/* Begin PBXBuildFile section */
		6A0E744D2CAA3010004F8932 /* ListView.swift in Sources */ = {isa = PBXBuildFile; fileRef = 6A0E744A2CAA3010004F8932 /* ListView.swift */; };
		6A0E744E2CAA3010004F8932 /* FriendsGivingApp.swift in Sources */ = {isa = PBXBuildFile; fileRef = 6A0E744B2CAA3010004F8932 /* FriendsGivingApp.swift */; };
		6A0E744F2CAA3010004F8932 /* Preview Assets.xcassets in Resources */ = {isa = PBXBuildFile; fileRef = 6A0E74472CAA3010004F8932 /* Preview Assets.xcassets */; };
		6A0E74502CAA3010004F8932 /* Assets.xcassets in Resources */ = {isa = PBXBuildFile; fileRef = 6A0E74492CAA3010004F8932 /* Assets.xcassets */; };
		6A0E74532CAA3100004F8932 /* Friend.swift in Sources */ = {isa = PBXBuildFile; fileRef = 6A0E74522CAA3100004F8932 /* Friend.swift */; };
		6A0E74552CAA32E3004F8932 /* FriendsViewModel.swift in Sources */ = {isa = PBXBuildFile; fileRef = 6A0E74542CAA32E3004F8932 /* FriendsViewModel.swift */; };
		6A0E745D2CAA36D8004F8932 /* DetailView.swift in Sources */ = {isa = PBXBuildFile; fileRef = 6A0E745C2CAA36D8004F8932 /* DetailView.swift */; };
/* End PBXBuildFile section */

/* Begin PBXContainerItemProxy section */
		6A0E742B2CAA2F86004F8932 /* PBXContainerItemProxy */ = {
			isa = PBXContainerItemProxy;
			containerPortal = 6A0E74122CAA2F84004F8932 /* Project object */;
			proxyType = 1;
			remoteGlobalIDString = 6A0E74192CAA2F84004F8932;
			remoteInfo = FriendsGiving;
		};
		6A0E74352CAA2F86004F8932 /* PBXContainerItemProxy */ = {
			isa = PBXContainerItemProxy;
			containerPortal = 6A0E74122CAA2F84004F8932 /* Project object */;
			proxyType = 1;
			remoteGlobalIDString = 6A0E74192CAA2F84004F8932;
			remoteInfo = FriendsGiving;
		};
/* End PBXContainerItemProxy section */

/* Begin PBXFileReference section */
		6A0E741A2CAA2F84004F8932 /* FriendsGiving.app */ = {isa = PBXFileReference; explicitFileType = wrapper.application; includeInIndex = 0; path = FriendsGiving.app; sourceTree = BUILT_PRODUCTS_DIR; };
		6A0E742A2CAA2F86004F8932 /* FriendsGivingTests.xctest */ = {isa = PBXFileReference; explicitFileType = wrapper.cfbundle; includeInIndex = 0; path = FriendsGivingTests.xctest; sourceTree = BUILT_PRODUCTS_DIR; };
		6A0E74342CAA2F86004F8932 /* FriendsGivingUITests.xctest */ = {isa = PBXFileReference; explicitFileType = wrapper.cfbundle; includeInIndex = 0; path = FriendsGivingUITests.xctest; sourceTree = BUILT_PRODUCTS_DIR; };
		6A0E74472CAA3010004F8932 /* Preview Assets.xcassets */ = {isa = PBXFileReference; lastKnownFileType = folder.assetcatalog; path = "Preview Assets.xcassets"; sourceTree = "<group>"; };
		6A0E74492CAA3010004F8932 /* Assets.xcassets */ = {isa = PBXFileReference; lastKnownFileType = folder.assetcatalog; path = Assets.xcassets; sourceTree = "<group>"; };
		6A0E744A2CAA3010004F8932 /* ListView.swift */ = {isa = PBXFileReference; lastKnownFileType = sourcecode.swift; path = ListView.swift; sourceTree = "<group>"; };
		6A0E744B2CAA3010004F8932 /* FriendsGivingApp.swift */ = {isa = PBXFileReference; lastKnownFileType = sourcecode.swift; path = FriendsGivingApp.swift; sourceTree = "<group>"; };
		6A0E74512CAA3059004F8932 /* Info.plist */ = {isa = PBXFileReference; lastKnownFileType = text.plist; path = Info.plist; sourceTree = "<group>"; };
		6A0E74522CAA3100004F8932 /* Friend.swift */ = {isa = PBXFileReference; lastKnownFileType = sourcecode.swift; path = Friend.swift; sourceTree = "<group>"; };
		6A0E74542CAA32E3004F8932 /* FriendsViewModel.swift */ = {isa = PBXFileReference; lastKnownFileType = sourcecode.swift; path = FriendsViewModel.swift; sourceTree = "<group>"; };
		6A0E745C2CAA36D8004F8932 /* DetailView.swift */ = {isa = PBXFileReference; lastKnownFileType = sourcecode.swift; path = DetailView.swift; sourceTree = "<group>"; };
/* End PBXFileReference section */

/* Begin PBXFileSystemSynchronizedRootGroup section */
		6A0E742D2CAA2F86004F8932 /* FriendsGivingTests */ = {
			isa = PBXFileSystemSynchronizedRootGroup;
			path = FriendsGivingTests;
			sourceTree = "<group>";
		};
		6A0E74372CAA2F86004F8932 /* FriendsGivingUITests */ = {
			isa = PBXFileSystemSynchronizedRootGroup;
			path = FriendsGivingUITests;
			sourceTree = "<group>";
		};
/* End PBXFileSystemSynchronizedRootGroup section */

/* Begin PBXFrameworksBuildPhase section */
		6A0E74172CAA2F84004F8932 /* Frameworks */ = {
			isa = PBXFrameworksBuildPhase;
			buildActionMask = 2147483647;
			files = (
			);
			runOnlyForDeploymentPostprocessing = 0;
		};
		6A0E74272CAA2F86004F8932 /* Frameworks */ = {
			isa = PBXFrameworksBuildPhase;
			buildActionMask = 2147483647;
			files = (
			);
			runOnlyForDeploymentPostprocessing = 0;
		};
		6A0E74312CAA2F86004F8932 /* Frameworks */ = {
			isa = PBXFrameworksBuildPhase;
			buildActionMask = 2147483647;
			files = (
			);
			runOnlyForDeploymentPostprocessing = 0;
		};
/* End PBXFrameworksBuildPhase section */

/* Begin PBXGroup section */
		6A0E74112CAA2F84004F8932 = {
			isa = PBXGroup;
			children = (
				6A0E744C2CAA3010004F8932 /* FriendsGiving */,
				6A0E742D2CAA2F86004F8932 /* FriendsGivingTests */,
				6A0E74372CAA2F86004F8932 /* FriendsGivingUITests */,
				6A0E741B2CAA2F84004F8932 /* Products */,
			);
			sourceTree = "<group>";
		};
		6A0E741B2CAA2F84004F8932 /* Products */ = {
			isa = PBXGroup;
			children = (
				6A0E741A2CAA2F84004F8932 /* FriendsGiving.app */,
				6A0E742A2CAA2F86004F8932 /* FriendsGivingTests.xctest */,
				6A0E74342CAA2F86004F8932 /* FriendsGivingUITests.xctest */,
			);
			name = Products;
			sourceTree = "<group>";
		};
		6A0E74482CAA3010004F8932 /* Preview Content */ = {
			isa = PBXGroup;
			children = (
				6A0E74472CAA3010004F8932 /* Preview Assets.xcassets */,
			);
			path = "Preview Content";
			sourceTree = "<group>";
		};
		6A0E744C2CAA3010004F8932 /* FriendsGiving */ = {
			isa = PBXGroup;
			children = (
				6A0E74512CAA3059004F8932 /* Info.plist */,
				6A0E74482CAA3010004F8932 /* Preview Content */,
				6A0E74492CAA3010004F8932 /* Assets.xcassets */,
				6A0E744B2CAA3010004F8932 /* FriendsGivingApp.swift */,
				6A0E744A2CAA3010004F8932 /* ListView.swift */,
				6A0E745C2CAA36D8004F8932 /* DetailView.swift */,
				6A0E74542CAA32E3004F8932 /* FriendsViewModel.swift */,
				6A0E74522CAA3100004F8932 /* Friend.swift */,
			);
			path = FriendsGiving;
			sourceTree = "<group>";
		};
/* End PBXGroup section */

/* Begin PBXNativeTarget section */
		6A0E74192CAA2F84004F8932 /* FriendsGiving */ = {
			isa = PBXNativeTarget;
			buildConfigurationList = 6A0E743E2CAA2F86004F8932 /* Build configuration list for PBXNativeTarget "FriendsGiving" */;
			buildPhases = (
				6A0E74162CAA2F84004F8932 /* Sources */,
				6A0E74172CAA2F84004F8932 /* Frameworks */,
				6A0E74182CAA2F84004F8932 /* Resources */,
			);
			buildRules = (
			);
			dependencies = (
			);
			name = FriendsGiving;
			packageProductDependencies = (
			);
			productName = FriendsGiving;
			productReference = 6A0E741A2CAA2F84004F8932 /* FriendsGiving.app */;
			productType = "com.apple.product-type.application";
		};
		6A0E74292CAA2F86004F8932 /* FriendsGivingTests */ = {
			isa = PBXNativeTarget;
			buildConfigurationList = 6A0E74412CAA2F86004F8932 /* Build configuration list for PBXNativeTarget "FriendsGivingTests" */;
			buildPhases = (
				6A0E74262CAA2F86004F8932 /* Sources */,
				6A0E74272CAA2F86004F8932 /* Frameworks */,
				6A0E74282CAA2F86004F8932 /* Resources */,
			);
			buildRules = (
			);
			dependencies = (
				6A0E742C2CAA2F86004F8932 /* PBXTargetDependency */,
			);
			fileSystemSynchronizedGroups = (
				6A0E742D2CAA2F86004F8932 /* FriendsGivingTests */,
			);
			name = FriendsGivingTests;
			packageProductDependencies = (
			);
			productName = FriendsGivingTests;
			productReference = 6A0E742A2CAA2F86004F8932 /* FriendsGivingTests.xctest */;
			productType = "com.apple.product-type.bundle.unit-test";
		};
		6A0E74332CAA2F86004F8932 /* FriendsGivingUITests */ = {
			isa = PBXNativeTarget;
			buildConfigurationList = 6A0E74442CAA2F86004F8932 /* Build configuration list for PBXNativeTarget "FriendsGivingUITests" */;
			buildPhases = (
				6A0E74302CAA2F86004F8932 /* Sources */,
				6A0E74312CAA2F86004F8932 /* Frameworks */,
				6A0E74322CAA2F86004F8932 /* Resources */,
			);
			buildRules = (
			);
			dependencies = (
				6A0E74362CAA2F86004F8932 /* PBXTargetDependency */,
			);
			fileSystemSynchronizedGroups = (
				6A0E74372CAA2F86004F8932 /* FriendsGivingUITests */,
			);
			name = FriendsGivingUITests;
			packageProductDependencies = (
			);
			productName = FriendsGivingUITests;
			productReference = 6A0E74342CAA2F86004F8932 /* FriendsGivingUITests.xctest */;
			productType = "com.apple.product-type.bundle.ui-testing";
		};
/* End PBXNativeTarget section */

/* Begin PBXProject section */
		6A0E74122CAA2F84004F8932 /* Project object */ = {
			isa = PBXProject;
			attributes = {
				BuildIndependentTargetsInParallel = 1;
				LastSwiftUpdateCheck = 1600;
				LastUpgradeCheck = 1600;
				TargetAttributes = {
					6A0E74192CAA2F84004F8932 = {
						CreatedOnToolsVersion = 16.0;
					};
					6A0E74292CAA2F86004F8932 = {
						CreatedOnToolsVersion = 16.0;
						TestTargetID = 6A0E74192CAA2F84004F8932;
					};
					6A0E74332CAA2F86004F8932 = {
						CreatedOnToolsVersion = 16.0;
						TestTargetID = 6A0E74192CAA2F84004F8932;
					};
				};
			};
			buildConfigurationList = 6A0E74152CAA2F84004F8932 /* Build configuration list for PBXProject "FriendsGiving" */;
			developmentRegion = en;
			hasScannedForEncodings = 0;
			knownRegions = (
				en,
				Base,
			);
			mainGroup = 6A0E74112CAA2F84004F8932;
			minimizedProjectReferenceProxies = 1;
			preferredProjectObjectVersion = 77;
			productRefGroup = 6A0E741B2CAA2F84004F8932 /* Products */;
			projectDirPath = "";
			projectRoot = "";
			targets = (
				6A0E74192CAA2F84004F8932 /* FriendsGiving */,
				6A0E74292CAA2F86004F8932 /* FriendsGivingTests */,
				6A0E74332CAA2F86004F8932 /* FriendsGivingUITests */,
			);
		};
/* End PBXProject section */

/* Begin PBXResourcesBuildPhase section */
		6A0E74182CAA2F84004F8932 /* Resources */ = {
			isa = PBXResourcesBuildPhase;
			buildActionMask = 2147483647;
			files = (
				6A0E744F2CAA3010004F8932 /* Preview Assets.xcassets in Resources */,
				6A0E74502CAA3010004F8932 /* Assets.xcassets in Resources */,
			);
			runOnlyForDeploymentPostprocessing = 0;
		};
		6A0E74282CAA2F86004F8932 /* Resources */ = {
			isa = PBXResourcesBuildPhase;
			buildActionMask = 2147483647;
			files = (
			);
			runOnlyForDeploymentPostprocessing = 0;
		};
		6A0E74322CAA2F86004F8932 /* Resources */ = {
			isa = PBXResourcesBuildPhase;
			buildActionMask = 2147483647;
			files = (
			);
			runOnlyForDeploymentPostprocessing = 0;
		};
/* End PBXResourcesBuildPhase section */

/* Begin PBXSourcesBuildPhase section */
		6A0E74162CAA2F84004F8932 /* Sources */ = {
			isa = PBXSourcesBuildPhase;
			buildActionMask = 2147483647;
			files = (
				6A0E74552CAA32E3004F8932 /* FriendsViewModel.swift in Sources */,
				6A0E74532CAA3100004F8932 /* Friend.swift in Sources */,
				6A0E744D2CAA3010004F8932 /* ListView.swift in Sources */,
				6A0E745D2CAA36D8004F8932 /* DetailView.swift in Sources */,
				6A0E744E2CAA3010004F8932 /* FriendsGivingApp.swift in Sources */,
			);
			runOnlyForDeploymentPostprocessing = 0;
		};
		6A0E74262CAA2F86004F8932 /* Sources */ = {
			isa = PBXSourcesBuildPhase;
			buildActionMask = 2147483647;
			files = (
			);
			runOnlyForDeploymentPostprocessing = 0;
		};
		6A0E74302CAA2F86004F8932 /* Sources */ = {
			isa = PBXSourcesBuildPhase;
			buildActionMask = 2147483647;
			files = (
			);
			runOnlyForDeploymentPostprocessing = 0;
		};
/* End PBXSourcesBuildPhase section */

/* Begin PBXTargetDependency section */
		6A0E742C2CAA2F86004F8932 /* PBXTargetDependency */ = {
			isa = PBXTargetDependency;
			target = 6A0E74192CAA2F84004F8932 /* FriendsGiving */;
			targetProxy = 6A0E742B2CAA2F86004F8932 /* PBXContainerItemProxy */;
		};
		6A0E74362CAA2F86004F8932 /* PBXTargetDependency */ = {
			isa = PBXTargetDependency;
			target = 6A0E74192CAA2F84004F8932 /* FriendsGiving */;
			targetProxy = 6A0E74352CAA2F86004F8932 /* PBXContainerItemProxy */;
		};
/* End PBXTargetDependency section */

/* Begin XCBuildConfiguration section */
		6A0E743C2CAA2F86004F8932 /* Debug */ = {
			isa = XCBuildConfiguration;
			buildSettings = {
				ALWAYS_SEARCH_USER_PATHS = NO;
				ASSETCATALOG_COMPILER_GENERATE_SWIFT_ASSET_SYMBOL_EXTENSIONS = YES;
				CLANG_ANALYZER_NONNULL = YES;
				CLANG_ANALYZER_NUMBER_OBJECT_CONVERSION = YES_AGGRESSIVE;
				CLANG_CXX_LANGUAGE_STANDARD = "gnu++20";
				CLANG_ENABLE_MODULES = YES;
				CLANG_ENABLE_OBJC_ARC = YES;
				CLANG_ENABLE_OBJC_WEAK = YES;
				CLANG_WARN_BLOCK_CAPTURE_AUTORELEASING = YES;
				CLANG_WARN_BOOL_CONVERSION = YES;
				CLANG_WARN_COMMA = YES;
				CLANG_WARN_CONSTANT_CONVERSION = YES;
				CLANG_WARN_DEPRECATED_OBJC_IMPLEMENTATIONS = YES;
				CLANG_WARN_DIRECT_OBJC_ISA_USAGE = YES_ERROR;
				CLANG_WARN_DOCUMENTATION_COMMENTS = YES;
				CLANG_WARN_EMPTY_BODY = YES;
				CLANG_WARN_ENUM_CONVERSION = YES;
				CLANG_WARN_INFINITE_RECURSION = YES;
				CLANG_WARN_INT_CONVERSION = YES;
				CLANG_WARN_NON_LITERAL_NULL_CONVERSION = YES;
				CLANG_WARN_OBJC_IMPLICIT_RETAIN_SELF = YES;
				CLANG_WARN_OBJC_LITERAL_CONVERSION = YES;
				CLANG_WARN_OBJC_ROOT_CLASS = YES_ERROR;
				CLANG_WARN_QUOTED_INCLUDE_IN_FRAMEWORK_HEADER = YES;
				CLANG_WARN_RANGE_LOOP_ANALYSIS = YES;
				CLANG_WARN_STRICT_PROTOTYPES = YES;
				CLANG_WARN_SUSPICIOUS_MOVE = YES;
				CLANG_WARN_UNGUARDED_AVAILABILITY = YES_AGGRESSIVE;
				CLANG_WARN_UNREACHABLE_CODE = YES;
				CLANG_WARN__DUPLICATE_METHOD_MATCH = YES;
				COPY_PHASE_STRIP = NO;
				DEBUG_INFORMATION_FORMAT = dwarf;
				ENABLE_STRICT_OBJC_MSGSEND = YES;
				ENABLE_TESTABILITY = YES;
				ENABLE_USER_SCRIPT_SANDBOXING = YES;
				GCC_C_LANGUAGE_STANDARD = gnu17;
				GCC_DYNAMIC_NO_PIC = NO;
				GCC_NO_COMMON_BLOCKS = YES;
				GCC_OPTIMIZATION_LEVEL = 0;
				GCC_PREPROCESSOR_DEFINITIONS = (
					"DEBUG=1",
					"$(inherited)",
				);
				GCC_WARN_64_TO_32_BIT_CONVERSION = YES;
				GCC_WARN_ABOUT_RETURN_TYPE = YES_ERROR;
				GCC_WARN_UNDECLARED_SELECTOR = YES;
				GCC_WARN_UNINITIALIZED_AUTOS = YES_AGGRESSIVE;
				GCC_WARN_UNUSED_FUNCTION = YES;
				GCC_WARN_UNUSED_VARIABLE = YES;
				IPHONEOS_DEPLOYMENT_TARGET = 18.0;
				LOCALIZATION_PREFERS_STRING_CATALOGS = YES;
				MTL_ENABLE_DEBUG_INFO = INCLUDE_SOURCE;
				MTL_FAST_MATH = YES;
				ONLY_ACTIVE_ARCH = YES;
				SDKROOT = iphoneos;
				SWIFT_ACTIVE_COMPILATION_CONDITIONS = "DEBUG $(inherited)";
				SWIFT_OPTIMIZATION_LEVEL = "-Onone";
			};
			name = Debug;
		};
		6A0E743D2CAA2F86004F8932 /* Release */ = {
			isa = XCBuildConfiguration;
			buildSettings = {
				ALWAYS_SEARCH_USER_PATHS = NO;
				ASSETCATALOG_COMPILER_GENERATE_SWIFT_ASSET_SYMBOL_EXTENSIONS = YES;
				CLANG_ANALYZER_NONNULL = YES;
				CLANG_ANALYZER_NUMBER_OBJECT_CONVERSION = YES_AGGRESSIVE;
				CLANG_CXX_LANGUAGE_STANDARD = "gnu++20";
				CLANG_ENABLE_MODULES = YES;
				CLANG_ENABLE_OBJC_ARC = YES;
				CLANG_ENABLE_OBJC_WEAK = YES;
				CLANG_WARN_BLOCK_CAPTURE_AUTORELEASING = YES;
				CLANG_WARN_BOOL_CONVERSION = YES;
				CLANG_WARN_COMMA = YES;
				CLANG_WARN_CONSTANT_CONVERSION = YES;
				CLANG_WARN_DEPRECATED_OBJC_IMPLEMENTATIONS = YES;
				CLANG_WARN_DIRECT_OBJC_ISA_USAGE = YES_ERROR;
				CLANG_WARN_DOCUMENTATION_COMMENTS = YES;
				CLANG_WARN_EMPTY_BODY = YES;
				CLANG_WARN_ENUM_CONVERSION = YES;
				CLANG_WARN_INFINITE_RECURSION = YES;
				CLANG_WARN_INT_CONVERSION = YES;
				CLANG_WARN_NON_LITERAL_NULL_CONVERSION = YES;
				CLANG_WARN_OBJC_IMPLICIT_RETAIN_SELF = YES;
				CLANG_WARN_OBJC_LITERAL_CONVERSION = YES;
				CLANG_WARN_OBJC_ROOT_CLASS = YES_ERROR;
				CLANG_WARN_QUOTED_INCLUDE_IN_FRAMEWORK_HEADER = YES;
				CLANG_WARN_RANGE_LOOP_ANALYSIS = YES;
				CLANG_WARN_STRICT_PROTOTYPES = YES;
				CLANG_WARN_SUSPICIOUS_MOVE = YES;
				CLANG_WARN_UNGUARDED_AVAILABILITY = YES_AGGRESSIVE;
				CLANG_WARN_UNREACHABLE_CODE = YES;
				CLANG_WARN__DUPLICATE_METHOD_MATCH = YES;
				COPY_PHASE_STRIP = NO;
				DEBUG_INFORMATION_FORMAT = "dwarf-with-dsym";
				ENABLE_NS_ASSERTIONS = NO;
				ENABLE_STRICT_OBJC_MSGSEND = YES;
				ENABLE_USER_SCRIPT_SANDBOXING = YES;
				GCC_C_LANGUAGE_STANDARD = gnu17;
				GCC_NO_COMMON_BLOCKS = YES;
				GCC_WARN_64_TO_32_BIT_CONVERSION = YES;
				GCC_WARN_ABOUT_RETURN_TYPE = YES_ERROR;
				GCC_WARN_UNDECLARED_SELECTOR = YES;
				GCC_WARN_UNINITIALIZED_AUTOS = YES_AGGRESSIVE;
				GCC_WARN_UNUSED_FUNCTION = YES;
				GCC_WARN_UNUSED_VARIABLE = YES;
				IPHONEOS_DEPLOYMENT_TARGET = 18.0;
				LOCALIZATION_PREFERS_STRING_CATALOGS = YES;
				MTL_ENABLE_DEBUG_INFO = NO;
				MTL_FAST_MATH = YES;
				SDKROOT = iphoneos;
				SWIFT_COMPILATION_MODE = wholemodule;
				VALIDATE_PRODUCT = YES;
			};
			name = Release;
		};
		6A0E743F2CAA2F86004F8932 /* Debug */ = {
			isa = XCBuildConfiguration;
			buildSettings = {
				ASSETCATALOG_COMPILER_APPICON_NAME = AppIcon;
				ASSETCATALOG_COMPILER_GLOBAL_ACCENT_COLOR_NAME = AccentColor;
				CODE_SIGN_STYLE = Automatic;
				CURRENT_PROJECT_VERSION = 1;
				DEVELOPMENT_ASSET_PATHS = "\"FriendsGiving/Preview Content\"";
				DEVELOPMENT_TEAM = 92Y266UM5W;
				ENABLE_PREVIEWS = YES;
				GENERATE_INFOPLIST_FILE = YES;
				INFOPLIST_FILE = FriendsGiving/Info.plist;
				INFOPLIST_KEY_UIApplicationSceneManifest_Generation = YES;
				INFOPLIST_KEY_UIApplicationSupportsIndirectInputEvents = YES;
				INFOPLIST_KEY_UISupportedInterfaceOrientations_iPad = "UIInterfaceOrientationPortrait UIInterfaceOrientationPortraitUpsideDown UIInterfaceOrientationLandscapeLeft UIInterfaceOrientationLandscapeRight";
				INFOPLIST_KEY_UISupportedInterfaceOrientations_iPhone = "UIInterfaceOrientationPortrait UIInterfaceOrientationLandscapeLeft UIInterfaceOrientationLandscapeRight";
				IPHONEOS_DEPLOYMENT_TARGET = 18.0;
				LD_RUNPATH_SEARCH_PATHS = (
					"$(inherited)",
					"@executable_path/Frameworks",
				);
				MARKETING_VERSION = 1.0;
				PRODUCT_BUNDLE_IDENTIFIER = com.JJtech.FriendsGiving;
				PRODUCT_NAME = "$(TARGET_NAME)";
				SWIFT_EMIT_LOC_STRINGS = YES;
				SWIFT_VERSION = 5.0;
				TARGETED_DEVICE_FAMILY = "1,2";
			};
			name = Debug;
		};
		6A0E74402CAA2F86004F8932 /* Release */ = {
			isa = XCBuildConfiguration;
			buildSettings = {
				ASSETCATALOG_COMPILER_APPICON_NAME = AppIcon;
				ASSETCATALOG_COMPILER_GLOBAL_ACCENT_COLOR_NAME = AccentColor;
				CODE_SIGN_STYLE = Automatic;
				CURRENT_PROJECT_VERSION = 1;
				DEVELOPMENT_ASSET_PATHS = "\"FriendsGiving/Preview Content\"";
				DEVELOPMENT_TEAM = 92Y266UM5W;
				ENABLE_PREVIEWS = YES;
				GENERATE_INFOPLIST_FILE = YES;
				INFOPLIST_FILE = FriendsGiving/Info.plist;
				INFOPLIST_KEY_UIApplicationSceneManifest_Generation = YES;
				INFOPLIST_KEY_UIApplicationSupportsIndirectInputEvents = YES;
				INFOPLIST_KEY_UISupportedInterfaceOrientations_iPad = "UIInterfaceOrientationPortrait UIInterfaceOrientationPortraitUpsideDown UIInterfaceOrientationLandscapeLeft UIInterfaceOrientationLandscapeRight";
				INFOPLIST_KEY_UISupportedInterfaceOrientations_iPhone = "UIInterfaceOrientationPortrait UIInterfaceOrientationLandscapeLeft UIInterfaceOrientationLandscapeRight";
				IPHONEOS_DEPLOYMENT_TARGET = 18.0;
				LD_RUNPATH_SEARCH_PATHS = (
					"$(inherited)",
					"@executable_path/Frameworks",
				);
				MARKETING_VERSION = 1.0;
				PRODUCT_BUNDLE_IDENTIFIER = com.JJtech.FriendsGiving;
				PRODUCT_NAME = "$(TARGET_NAME)";
				SWIFT_EMIT_LOC_STRINGS = YES;
				SWIFT_VERSION = 5.0;
				TARGETED_DEVICE_FAMILY = "1,2";
			};
			name = Release;
		};
		6A0E74422CAA2F86004F8932 /* Debug */ = {
			isa = XCBuildConfiguration;
			buildSettings = {
				BUNDLE_LOADER = "$(TEST_HOST)";
				CODE_SIGN_STYLE = Automatic;
				CURRENT_PROJECT_VERSION = 1;
				DEVELOPMENT_TEAM = 92Y266UM5W;
				GENERATE_INFOPLIST_FILE = YES;
				IPHONEOS_DEPLOYMENT_TARGET = 18.0;
				MARKETING_VERSION = 1.0;
				PRODUCT_BUNDLE_IDENTIFIER = com.JJtech.FriendsGivingTests;
				PRODUCT_NAME = "$(TARGET_NAME)";
				SWIFT_EMIT_LOC_STRINGS = NO;
				SWIFT_VERSION = 5.0;
				TARGETED_DEVICE_FAMILY = "1,2";
				TEST_HOST = "$(BUILT_PRODUCTS_DIR)/FriendsGiving.app/$(BUNDLE_EXECUTABLE_FOLDER_PATH)/FriendsGiving";
			};
			name = Debug;
		};
		6A0E74432CAA2F86004F8932 /* Release */ = {
			isa = XCBuildConfiguration;
			buildSettings = {
				BUNDLE_LOADER = "$(TEST_HOST)";
				CODE_SIGN_STYLE = Automatic;
				CURRENT_PROJECT_VERSION = 1;
				DEVELOPMENT_TEAM = 92Y266UM5W;
				GENERATE_INFOPLIST_FILE = YES;
				IPHONEOS_DEPLOYMENT_TARGET = 18.0;
				MARKETING_VERSION = 1.0;
				PRODUCT_BUNDLE_IDENTIFIER = com.JJtech.FriendsGivingTests;
				PRODUCT_NAME = "$(TARGET_NAME)";
				SWIFT_EMIT_LOC_STRINGS = NO;
				SWIFT_VERSION = 5.0;
				TARGETED_DEVICE_FAMILY = "1,2";
				TEST_HOST = "$(BUILT_PRODUCTS_DIR)/FriendsGiving.app/$(BUNDLE_EXECUTABLE_FOLDER_PATH)/FriendsGiving";
			};
			name = Release;
		};
		6A0E74452CAA2F86004F8932 /* Debug */ = {
			isa = XCBuildConfiguration;
			buildSettings = {
				CODE_SIGN_STYLE = Automatic;
				CURRENT_PROJECT_VERSION = 1;
				DEVELOPMENT_TEAM = 92Y266UM5W;
				GENERATE_INFOPLIST_FILE = YES;
				MARKETING_VERSION = 1.0;
				PRODUCT_BUNDLE_IDENTIFIER = com.JJtech.FriendsGivingUITests;
				PRODUCT_NAME = "$(TARGET_NAME)";
				SWIFT_EMIT_LOC_STRINGS = NO;
				SWIFT_VERSION = 5.0;
				TARGETED_DEVICE_FAMILY = "1,2";
				TEST_TARGET_NAME = FriendsGiving;
			};
			name = Debug;
		};
		6A0E74462CAA2F86004F8932 /* Release */ = {
			isa = XCBuildConfiguration;
			buildSettings = {
				CODE_SIGN_STYLE = Automatic;
				CURRENT_PROJECT_VERSION = 1;
				DEVELOPMENT_TEAM = 92Y266UM5W;
				GENERATE_INFOPLIST_FILE = YES;
				MARKETING_VERSION = 1.0;
				PRODUCT_BUNDLE_IDENTIFIER = com.JJtech.FriendsGivingUITests;
				PRODUCT_NAME = "$(TARGET_NAME)";
				SWIFT_EMIT_LOC_STRINGS = NO;
				SWIFT_VERSION = 5.0;
				TARGETED_DEVICE_FAMILY = "1,2";
				TEST_TARGET_NAME = FriendsGiving;
			};
			name = Release;
		};
/* End XCBuildConfiguration section */

/* Begin XCConfigurationList section */
		6A0E74152CAA2F84004F8932 /* Build configuration list for PBXProject "FriendsGiving" */ = {
			isa = XCConfigurationList;
			buildConfigurations = (
				6A0E743C2CAA2F86004F8932 /* Debug */,
				6A0E743D2CAA2F86004F8932 /* Release */,
			);
			defaultConfigurationIsVisible = 0;
			defaultConfigurationName = Release;
		};
		6A0E743E2CAA2F86004F8932 /* Build configuration list for PBXNativeTarget "FriendsGiving" */ = {
			isa = XCConfigurationList;
			buildConfigurations = (
				6A0E743F2CAA2F86004F8932 /* Debug */,
				6A0E74402CAA2F86004F8932 /* Release */,
			);
			defaultConfigurationIsVisible = 0;
			defaultConfigurationName = Release;
		};
		6A0E74412CAA2F86004F8932 /* Build configuration list for PBXNativeTarget "FriendsGivingTests" */ = {
			isa = XCConfigurationList;
			buildConfigurations = (
				6A0E74422CAA2F86004F8932 /* Debug */,
				6A0E74432CAA2F86004F8932 /* Release */,
			);
			defaultConfigurationIsVisible = 0;
			defaultConfigurationName = Release;
		};
		6A0E74442CAA2F86004F8932 /* Build configuration list for PBXNativeTarget "FriendsGivingUITests" */ = {
			isa = XCConfigurationList;
			buildConfigurations = (
				6A0E74452CAA2F86004F8932 /* Debug */,
				6A0E74462CAA2F86004F8932 /* Release */,
			);
			defaultConfigurationIsVisible = 0;
			defaultConfigurationName = Release;
		};
/* End XCConfigurationList section */
	};
	rootObject = 6A0E74122CAA2F84004F8932 /* Project object */;
}
